
Microsoft Visual Studio Solution File, Format Version 12.00
# Visual Studio Version 17
VisualStudioVersion = 17.14.36212.18
MinimumVisualStudioVersion = 10.0.40219.1
Project("{FAE04EC0-301F-11D3-BF4B-00C04F79EFBC}") = "MovieWebApi", "MovieWebApi\MovieWebApi.csproj", "{C95A5012-18B0-452A-87C9-A985E34E4F63}"
EndProject
Project("{FAE04EC0-301F-11D3-BF4B-00C04F79EFBC}") = "MovieDesktopApp", "MovieDesktopApp\MovieDesktopApp.csproj", "{6751325E-0BE7-446A-81E3-08094D10DEFE}"
EndProject
Global
	GlobalSection(SolutionConfigurationPlatforms) = preSolution
		Debug|Any CPU = Debug|Any CPU
		Release|Any CPU = Release|Any CPU
	EndGlobalSection
	GlobalSection(ProjectConfigurationPlatforms) = postSolution
		{C95A5012-18B0-452A-87C9-A985E34E4F63}.Debug|Any CPU.ActiveCfg = Debug|Any CPU
		{C95A5012-18B0-452A-87C9-A985E34E4F63}.Debug|Any CPU.Build.0 = Debug|Any CPU
		{C95A5012-18B0-452A-87C9-A985E34E4F63}.Release|Any CPU.ActiveCfg = Release|Any CPU
		{C95A5012-18B0-452A-87C9-A985E34E4F63}.Release|Any CPU.Build.0 = Release|Any CPU
		{6751325E-0BE7-446A-81E3-08094D10DEFE}.Debug|Any CPU.ActiveCfg = Debug|Any CPU
		{6751325E-0BE7-446A-81E3-08094D10DEFE}.Debug|Any CPU.Build.0 = Debug|Any CPU
		{6751325E-0BE7-446A-81E3-08094D10DEFE}.Release|Any CPU.ActiveCfg = Release|Any CPU
		{6751325E-0BE7-446A-81E3-08094D10DEFE}.Release|Any CPU.Build.0 = Release|Any CPU
	EndGlobalSection
	GlobalSection(SolutionProperties) = preSolution
		HideSolutionNode = FALSE
	EndGlobalSection
	GlobalSection(ExtensibilityGlobals) = postSolution
		SolutionGuid = {82DF4EE7-1304-4D32-942C-5687F1D59FB3}
	EndGlobalSection
EndGlobal
